
Microsoft Visual Studio Solution File, Format Version 12.00
# Visual Studio Version 17
VisualStudioVersion = 17.0.31903.59
MinimumVisualStudioVersion = 10.0.40219.1
Project("{FAE04EC0-301F-11D3-BF4B-00C04F79EFBC}") = "2024-05-21", "2024-05-21\2024-05-21.csproj", "{A62181DC-C32D-4C41-B7B7-A0DAB68F9BE9}"
EndProject
Global
	GlobalSection(SolutionConfigurationPlatforms) = preSolution
		Debug|Any CPU = Debug|Any CPU
		Release|Any CPU = Release|Any CPU
	EndGlobalSection
	GlobalSection(ProjectConfigurationPlatforms) = postSolution
		{A62181DC-C32D-4C41-B7B7-A0DAB68F9BE9}.Debug|Any CPU.ActiveCfg = Debug|Any CPU
		{A62181DC-C32D-4C41-B7B7-A0DAB68F9BE9}.Debug|Any CPU.Build.0 = Debug|Any CPU
		{A62181DC-C32D-4C41-B7B7-A0DAB68F9BE9}.Release|Any CPU.ActiveCfg = Release|Any CPU
		{A62181DC-C32D-4C41-B7B7-A0DAB68F9BE9}.Release|Any CPU.Build.0 = Release|Any CPU
	EndGlobalSection
	GlobalSection(SolutionProperties) = preSolution
		HideSolutionNode = FALSE
	EndGlobalSection
	GlobalSection(ExtensibilityGlobals) = postSolution
		SolutionGuid = {052EE541-580C-435E-9926-CB1E9166A066}
	EndGlobalSection
EndGlobal
